
Microsoft Visual Studio Solution File, Format Version 12.00
# Visual Studio Version 17
VisualStudioVersion = 17.10.34607.79
MinimumVisualStudioVersion = 10.0.40219.1
Project("{FAE04EC0-301F-11D3-BF4B-00C04F79EFBC}") = "Unicam.Paradigmi.Test", "Unicam.Paradigmi.Test\Unicam.Paradigmi.Test.csproj", "{7014C490-2A96-4134-BB22-5CDD0279AA43}"
EndProject
Global
	GlobalSection(SolutionConfigurationPlatforms) = preSolution
		Debug|Any CPU = Debug|Any CPU
		Release|Any CPU = Release|Any CPU
	EndGlobalSection
	GlobalSection(ProjectConfigurationPlatforms) = postSolution
		{7014C490-2A96-4134-BB22-5CDD0279AA43}.Debug|Any CPU.ActiveCfg = Debug|Any CPU
		{7014C490-2A96-4134-BB22-5CDD0279AA43}.Debug|Any CPU.Build.0 = Debug|Any CPU
		{7014C490-2A96-4134-BB22-5CDD0279AA43}.Release|Any CPU.ActiveCfg = Release|Any CPU
		{7014C490-2A96-4134-BB22-5CDD0279AA43}.Release|Any CPU.Build.0 = Release|Any CPU
	EndGlobalSection
	GlobalSection(SolutionProperties) = preSolution
		HideSolutionNode = FALSE
	EndGlobalSection
	GlobalSection(ExtensibilityGlobals) = postSolution
		SolutionGuid = {BD1E6845-C451-4EA4-9266-CC9D739FBFEE}
	EndGlobalSection
EndGlobal
